
Microsoft Visual Studio Solution File, Format Version 12.00
# Visual Studio Version 17
VisualStudioVersion = 17.5.002.0
MinimumVisualStudioVersion = 10.0.40219.1
Project("{9A19103F-16F7-4668-BE54-9A1E7A4F7556}") = "algo", "algo\algo.csproj", "{0D801896-9771-417C-9A8D-65E7E249734D}"
EndProject
Global
	GlobalSection(SolutionConfigurationPlatforms) = preSolution
		Debug|Any CPU = Debug|Any CPU
		Release|Any CPU = Release|Any CPU
	EndGlobalSection
	GlobalSection(ProjectConfigurationPlatforms) = postSolution
		{0D801896-9771-417C-9A8D-65E7E249734D}.Debug|Any CPU.ActiveCfg = Debug|Any CPU
		{0D801896-9771-417C-9A8D-65E7E249734D}.Debug|Any CPU.Build.0 = Debug|Any CPU
		{0D801896-9771-417C-9A8D-65E7E249734D}.Release|Any CPU.ActiveCfg = Release|Any CPU
		{0D801896-9771-417C-9A8D-65E7E249734D}.Release|Any CPU.Build.0 = Release|Any CPU
	EndGlobalSection
	GlobalSection(SolutionProperties) = preSolution
		HideSolutionNode = FALSE
	EndGlobalSection
	GlobalSection(ExtensibilityGlobals) = postSolution
		SolutionGuid = {8CD513FF-E114-4BAC-B3F7-180FBED73ACB}
	EndGlobalSection
EndGlobal
